
Microsoft Visual Studio Solution File, Format Version 12.00
# Visual Studio Version 17
VisualStudioVersion = 17.4.33103.184
MinimumVisualStudioVersion = 10.0.40219.1
Project("{FAE04EC0-301F-11D3-BF4B-00C04F79EFBC}") = "Making More Complex Calculations", "Making More Complex Calculations\Making More Complex Calculations.csproj", "{533E62A3-F0F4-44F8-B804-0DC4C488AB56}"
EndProject
Global
	GlobalSection(SolutionConfigurationPlatforms) = preSolution
		Debug|Any CPU = Debug|Any CPU
		Release|Any CPU = Release|Any CPU
	EndGlobalSection
	GlobalSection(ProjectConfigurationPlatforms) = postSolution
		{533E62A3-F0F4-44F8-B804-0DC4C488AB56}.Debug|Any CPU.ActiveCfg = Debug|Any CPU
		{533E62A3-F0F4-44F8-B804-0DC4C488AB56}.Debug|Any CPU.Build.0 = Debug|Any CPU
		{533E62A3-F0F4-44F8-B804-0DC4C488AB56}.Release|Any CPU.ActiveCfg = Release|Any CPU
		{533E62A3-F0F4-44F8-B804-0DC4C488AB56}.Release|Any CPU.Build.0 = Release|Any CPU
	EndGlobalSection
	GlobalSection(SolutionProperties) = preSolution
		HideSolutionNode = FALSE
	EndGlobalSection
	GlobalSection(ExtensibilityGlobals) = postSolution
		SolutionGuid = {275065BB-63DE-4B3D-B973-B875C7E2C1CC}
	EndGlobalSection
EndGlobal
